{
  "requires": true,
  "lockfileVersion": 1,
  "dependencies": {
    "@types/lodash": {
      "version": "4.14.121",
      "resolved": "https://registry.npmjs.org/@types/lodash/-/lodash-4.14.121.tgz",
      "integrity": "sha512-ORj7IBWj13iYufXt/VXrCNMbUuCTJfhzme5kx9U/UtcIPdJYuvPDUAlHlbNhz/8lKCLy9XGIZnGrqXOtQbPGoQ==",
      "dev": true
    },
    "lodash": {
      "version": "4.17.13",
      "resolved": "https://registry.npmjs.org/lodash/-/lodash-4.17.13.tgz",
      "integrity": "sha512-vm3/XWXfWtRua0FkUyEHBZy8kCPjErNBT9fJx8Zvs+U6zjqPbTUOpkaoum3O5uiA8sm+yNMHXfYkTUHFoMxFNA=="
    }
  }
}
